// !$*UTF8*$!
{
	archiveVersion = 1;
	classes = {
	};
	objectVersion = 50;
	objects = {

/* Begin PBXBuildFile section */
		4D5645722534233E005EAB63 /* AppDelegate.swift in Sources */ = {isa = PBXBuildFile; fileRef = 4D5645712534233E005EAB63 /* AppDelegate.swift */; };
		4D5645742534233E005EAB63 /* SceneDelegate.swift in Sources */ = {isa = PBXBuildFile; fileRef = 4D5645732534233E005EAB63 /* SceneDelegate.swift */; };
		4D5645762534233E005EAB63 /* ViewController.swift in Sources */ = {isa = PBXBuildFile; fileRef = 4D5645752534233E005EAB63 /* ViewController.swift */; };
		4D5645792534233E005EAB63 /* Main.storyboard in Resources */ = {isa = PBXBuildFile; fileRef = 4D5645772534233E005EAB63 /* Main.storyboard */; };
		4D56457B2534233E005EAB63 /* Assets.xcassets in Resources */ = {isa = PBXBuildFile; fileRef = 4D56457A2534233E005EAB63 /* Assets.xcassets */; };
		4D56457E2534233E005EAB63 /* LaunchScreen.storyboard in Resources */ = {isa = PBXBuildFile; fileRef = 4D56457C2534233E005EAB63 /* LaunchScreen.storyboard */; };
		4D5645892534233F005EAB63 /* CodingAuthTests.swift in Sources */ = {isa = PBXBuildFile; fileRef = 4D5645882534233F005EAB63 /* CodingAuthTests.swift */; };
		4D5645942534233F005EAB63 /* CodingAuthUITests.swift in Sources */ = {isa = PBXBuildFile; fileRef = 4D5645932534233F005EAB63 /* CodingAuthUITests.swift */; };
/* End PBXBuildFile section */

/* Begin PBXContainerItemProxy section */
		4D5645852534233F005EAB63 /* PBXContainerItemProxy */ = {
			isa = PBXContainerItemProxy;
			containerPortal = 4D5645662534233E005EAB63 /* Project object */;
			proxyType = 1;
			remoteGlobalIDString = 4D56456D2534233E005EAB63;
			remoteInfo = CodingAuth;
		};
		4D5645902534233F005EAB63 /* PBXContainerItemProxy */ = {
			isa = PBXContainerItemProxy;
			containerPortal = 4D5645662534233E005EAB63 /* Project object */;
			proxyType = 1;
			remoteGlobalIDString = 4D56456D2534233E005EAB63;
			remoteInfo = CodingAuth;
		};
/* End PBXContainerItemProxy section */

/* Begin PBXFileReference section */
		4D56456E2534233E005EAB63 /* CodingAuth.app */ = {isa = PBXFileReference; explicitFileType = wrapper.application; includeInIndex = 0; path = CodingAuth.app; sourceTree = BUILT_PRODUCTS_DIR; };
		4D5645712534233E005EAB63 /* AppDelegate.swift */ = {isa = PBXFileReference; lastKnownFileType = sourcecode.swift; path = AppDelegate.swift; sourceTree = "<group>"; };
		4D5645732534233E005EAB63 /* SceneDelegate.swift */ = {isa = PBXFileReference; lastKnownFileType = sourcecode.swift; path = SceneDelegate.swift; sourceTree = "<group>"; };
		4D5645752534233E005EAB63 /* ViewController.swift */ = {isa = PBXFileReference; lastKnownFileType = sourcecode.swift; path = ViewController.swift; sourceTree = "<group>"; };
		4D5645782534233E005EAB63 /* Base */ = {isa = PBXFileReference; lastKnownFileType = file.storyboard; name = Base; path = Base.lproj/Main.storyboard; sourceTree = "<group>"; };
		4D56457A2534233E005EAB63 /* Assets.xcassets */ = {isa = PBXFileReference; lastKnownFileType = folder.assetcatalog; path = Assets.xcassets; sourceTree = "<group>"; };
		4D56457D2534233E005EAB63 /* Base */ = {isa = PBXFileReference; lastKnownFileType = file.storyboard; name = Base; path = Base.lproj/LaunchScreen.storyboard; sourceTree = "<group>"; };
		4D56457F2534233E005EAB63 /* Info.plist */ = {isa = PBXFileReference; lastKnownFileType = text.plist.xml; path = Info.plist; sourceTree = "<group>"; };
		4D5645842534233F005EAB63 /* CodingAuthTests.xctest */ = {isa = PBXFileReference; explicitFileType = wrapper.cfbundle; includeInIndex = 0; path = CodingAuthTests.xctest; sourceTree = BUILT_PRODUCTS_DIR; };
		4D5645882534233F005EAB63 /* CodingAuthTests.swift */ = {isa = PBXFileReference; lastKnownFileType = sourcecode.swift; path = CodingAuthTests.swift; sourceTree = "<group>"; };
		4D56458A2534233F005EAB63 /* Info.plist */ = {isa = PBXFileReference; lastKnownFileType = text.plist.xml; path = Info.plist; sourceTree = "<group>"; };
		4D56458F2534233F005EAB63 /* CodingAuthUITests.xctest */ = {isa = PBXFileReference; explicitFileType = wrapper.cfbundle; includeInIndex = 0; path = CodingAuthUITests.xctest; sourceTree = BUILT_PRODUCTS_DIR; };
		4D5645932534233F005EAB63 /* CodingAuthUITests.swift */ = {isa = PBXFileReference; lastKnownFileType = sourcecode.swift; path = CodingAuthUITests.swift; sourceTree = "<group>"; };
		4D5645952534233F005EAB63 /* Info.plist */ = {isa = PBXFileReference; lastKnownFileType = text.plist.xml; path = Info.plist; sourceTree = "<group>"; };
		4D5645A525342BC1005EAB63 /* 1.playground */ = {isa = PBXFileReference; lastKnownFileType = file.playground; path = 1.playground; sourceTree = "<group>"; xcLanguageSpecificationIdentifier = xcode.lang.swift; };
		4D7C9F42253586850045DDA6 /* 2.playground */ = {isa = PBXFileReference; lastKnownFileType = file.playground; path = 2.playground; sourceTree = "<group>"; xcLanguageSpecificationIdentifier = xcode.lang.swift; };
/* End PBXFileReference section */

/* Begin PBXFrameworksBuildPhase section */
		4D56456B2534233E005EAB63 /* Frameworks */ = {
			isa = PBXFrameworksBuildPhase;
			buildActionMask = 2147483647;
			files = (
			);
			runOnlyForDeploymentPostprocessing = 0;
		};
		4D5645812534233F005EAB63 /* Frameworks */ = {
			isa = PBXFrameworksBuildPhase;
			buildActionMask = 2147483647;
			files = (
			);
			runOnlyForDeploymentPostprocessing = 0;
		};
		4D56458C2534233F005EAB63 /* Frameworks */ = {
			isa = PBXFrameworksBuildPhase;
			buildActionMask = 2147483647;
			files = (
			);
			runOnlyForDeploymentPostprocessing = 0;
		};
/* End PBXFrameworksBuildPhase section */

/* Begin PBXGroup section */
		4D5645652534233E005EAB63 = {
			isa = PBXGroup;
			children = (
				4D5645702534233E005EAB63 /* CodingAuth */,
				4D5645872534233F005EAB63 /* CodingAuthTests */,
				4D5645922534233F005EAB63 /* CodingAuthUITests */,
				4D56456F2534233E005EAB63 /* Products */,
			);
			sourceTree = "<group>";
		};
		4D56456F2534233E005EAB63 /* Products */ = {
			isa = PBXGroup;
			children = (
				4D56456E2534233E005EAB63 /* CodingAuth.app */,
				4D5645842534233F005EAB63 /* CodingAuthTests.xctest */,
				4D56458F2534233F005EAB63 /* CodingAuthUITests.xctest */,
			);
			name = Products;
			sourceTree = "<group>";
		};
		4D5645702534233E005EAB63 /* CodingAuth */ = {
			isa = PBXGroup;
			children = (
				4D5645A425342350005EAB63 /* programmers */,
				4D5645712534233E005EAB63 /* AppDelegate.swift */,
				4D5645732534233E005EAB63 /* SceneDelegate.swift */,
				4D5645752534233E005EAB63 /* ViewController.swift */,
				4D5645772534233E005EAB63 /* Main.storyboard */,
				4D56457A2534233E005EAB63 /* Assets.xcassets */,
				4D56457C2534233E005EAB63 /* LaunchScreen.storyboard */,
				4D56457F2534233E005EAB63 /* Info.plist */,
			);
			path = CodingAuth;
			sourceTree = "<group>";
		};
		4D5645872534233F005EAB63 /* CodingAuthTests */ = {
			isa = PBXGroup;
			children = (
				4D5645882534233F005EAB63 /* CodingAuthTests.swift */,
				4D56458A2534233F005EAB63 /* Info.plist */,
			);
			path = CodingAuthTests;
			sourceTree = "<group>";
		};
		4D5645922534233F005EAB63 /* CodingAuthUITests */ = {
			isa = PBXGroup;
			children = (
				4D5645932534233F005EAB63 /* CodingAuthUITests.swift */,
				4D5645952534233F005EAB63 /* Info.plist */,
			);
			path = CodingAuthUITests;
			sourceTree = "<group>";
		};
		4D5645A425342350005EAB63 /* programmers */ = {
			isa = PBXGroup;
			children = (
				4D5645A525342BC1005EAB63 /* 1.playground */,
				4D7C9F42253586850045DDA6 /* 2.playground */,
			);
			path = programmers;
			sourceTree = "<group>";
		};
/* End PBXGroup section */

/* Begin PBXNativeTarget section */
		4D56456D2534233E005EAB63 /* CodingAuth */ = {
			isa = PBXNativeTarget;
			buildConfigurationList = 4D5645982534233F005EAB63 /* Build configuration list for PBXNativeTarget "CodingAuth" */;
			buildPhases = (
				4D56456A2534233E005EAB63 /* Sources */,
				4D56456B2534233E005EAB63 /* Frameworks */,
				4D56456C2534233E005EAB63 /* Resources */,
			);
			buildRules = (
			);
			dependencies = (
			);
			name = CodingAuth;
			productName = CodingAuth;
			productReference = 4D56456E2534233E005EAB63 /* CodingAuth.app */;
			productType = "com.apple.product-type.application";
		};
		4D5645832534233F005EAB63 /* CodingAuthTests */ = {
			isa = PBXNativeTarget;
			buildConfigurationList = 4D56459B2534233F005EAB63 /* Build configuration list for PBXNativeTarget "CodingAuthTests" */;
			buildPhases = (
				4D5645802534233F005EAB63 /* Sources */,
				4D5645812534233F005EAB63 /* Frameworks */,
				4D5645822534233F005EAB63 /* Resources */,
			);
			buildRules = (
			);
			dependencies = (
				4D5645862534233F005EAB63 /* PBXTargetDependency */,
			);
			name = CodingAuthTests;
			productName = CodingAuthTests;
			productReference = 4D5645842534233F005EAB63 /* CodingAuthTests.xctest */;
			productType = "com.apple.product-type.bundle.unit-test";
		};
		4D56458E2534233F005EAB63 /* CodingAuthUITests */ = {
			isa = PBXNativeTarget;
			buildConfigurationList = 4D56459E2534233F005EAB63 /* Build configuration list for PBXNativeTarget "CodingAuthUITests" */;
			buildPhases = (
				4D56458B2534233F005EAB63 /* Sources */,
				4D56458C2534233F005EAB63 /* Frameworks */,
				4D56458D2534233F005EAB63 /* Resources */,
			);
			buildRules = (
			);
			dependencies = (
				4D5645912534233F005EAB63 /* PBXTargetDependency */,
			);
			name = CodingAuthUITests;
			productName = CodingAuthUITests;
			productReference = 4D56458F2534233F005EAB63 /* CodingAuthUITests.xctest */;
			productType = "com.apple.product-type.bundle.ui-testing";
		};
/* End PBXNativeTarget section */

/* Begin PBXProject section */
		4D5645662534233E005EAB63 /* Project object */ = {
			isa = PBXProject;
			attributes = {
				LastSwiftUpdateCheck = 1200;
				LastUpgradeCheck = 1200;
				TargetAttributes = {
					4D56456D2534233E005EAB63 = {
						CreatedOnToolsVersion = 12.0.1;
					};
					4D5645832534233F005EAB63 = {
						CreatedOnToolsVersion = 12.0.1;
						TestTargetID = 4D56456D2534233E005EAB63;
					};
					4D56458E2534233F005EAB63 = {
						CreatedOnToolsVersion = 12.0.1;
						TestTargetID = 4D56456D2534233E005EAB63;
					};
				};
			};
			buildConfigurationList = 4D5645692534233E005EAB63 /* Build configuration list for PBXProject "CodingAuth" */;
			compatibilityVersion = "Xcode 9.3";
			developmentRegion = en;
			hasScannedForEncodings = 0;
			knownRegions = (
				en,
				Base,
			);
			mainGroup = 4D5645652534233E005EAB63;
			productRefGroup = 4D56456F2534233E005EAB63 /* Products */;
			projectDirPath = "";
			projectRoot = "";
			targets = (
				4D56456D2534233E005EAB63 /* CodingAuth */,
				4D5645832534233F005EAB63 /* CodingAuthTests */,
				4D56458E2534233F005EAB63 /* CodingAuthUITests */,
			);
		};
/* End PBXProject section */

/* Begin PBXResourcesBuildPhase section */
		4D56456C2534233E005EAB63 /* Resources */ = {
			isa = PBXResourcesBuildPhase;
			buildActionMask = 2147483647;
			files = (
				4D56457E2534233E005EAB63 /* LaunchScreen.storyboard in Resources */,
				4D56457B2534233E005EAB63 /* Assets.xcassets in Resources */,
				4D5645792534233E005EAB63 /* Main.storyboard in Resources */,
			);
			runOnlyForDeploymentPostprocessing = 0;
		};
		4D5645822534233F005EAB63 /* Resources */ = {
			isa = PBXResourcesBuildPhase;
			buildActionMask = 2147483647;
			files = (
			);
			runOnlyForDeploymentPostprocessing = 0;
		};
		4D56458D2534233F005EAB63 /* Resources */ = {
			isa = PBXResourcesBuildPhase;
			buildActionMask = 2147483647;
			files = (
			);
			runOnlyForDeploymentPostprocessing = 0;
		};
/* End PBXResourcesBuildPhase section */

/* Begin PBXSourcesBuildPhase section */
		4D56456A2534233E005EAB63 /* Sources */ = {
			isa = PBXSourcesBuildPhase;
			buildActionMask = 2147483647;
			files = (
				4D5645762534233E005EAB63 /* ViewController.swift in Sources */,
				4D5645722534233E005EAB63 /* AppDelegate.swift in Sources */,
				4D5645742534233E005EAB63 /* SceneDelegate.swift in Sources */,
			);
			runOnlyForDeploymentPostprocessing = 0;
		};
		4D5645802534233F005EAB63 /* Sources */ = {
			isa = PBXSourcesBuildPhase;
			buildActionMask = 2147483647;
			files = (
				4D5645892534233F005EAB63 /* CodingAuthTests.swift in Sources */,
			);
			runOnlyForDeploymentPostprocessing = 0;
		};
		4D56458B2534233F005EAB63 /* Sources */ = {
			isa = PBXSourcesBuildPhase;
			buildActionMask = 2147483647;
			files = (
				4D5645942534233F005EAB63 /* CodingAuthUITests.swift in Sources */,
			);
			runOnlyForDeploymentPostprocessing = 0;
		};
/* End PBXSourcesBuildPhase section */

/* Begin PBXTargetDependency section */
		4D5645862534233F005EAB63 /* PBXTargetDependency */ = {
			isa = PBXTargetDependency;
			target = 4D56456D2534233E005EAB63 /* CodingAuth */;
			targetProxy = 4D5645852534233F005EAB63 /* PBXContainerItemProxy */;
		};
		4D5645912534233F005EAB63 /* PBXTargetDependency */ = {
			isa = PBXTargetDependency;
			target = 4D56456D2534233E005EAB63 /* CodingAuth */;
			targetProxy = 4D5645902534233F005EAB63 /* PBXContainerItemProxy */;
		};
/* End PBXTargetDependency section */

/* Begin PBXVariantGroup section */
		4D5645772534233E005EAB63 /* Main.storyboard */ = {
			isa = PBXVariantGroup;
			children = (
				4D5645782534233E005EAB63 /* Base */,
			);
			name = Main.storyboard;
			sourceTree = "<group>";
		};
		4D56457C2534233E005EAB63 /* LaunchScreen.storyboard */ = {
			isa = PBXVariantGroup;
			children = (
				4D56457D2534233E005EAB63 /* Base */,
			);
			name = LaunchScreen.storyboard;
			sourceTree = "<group>";
		};
/* End PBXVariantGroup section */

/* Begin XCBuildConfiguration section */
		4D5645962534233F005EAB63 /* Debug */ = {
			isa = XCBuildConfiguration;
			buildSettings = {
				ALWAYS_SEARCH_USER_PATHS = NO;
				CLANG_ANALYZER_NONNULL = YES;
				CLANG_ANALYZER_NUMBER_OBJECT_CONVERSION = YES_AGGRESSIVE;
				CLANG_CXX_LANGUAGE_STANDARD = "gnu++14";
				CLANG_CXX_LIBRARY = "libc++";
				CLANG_ENABLE_MODULES = YES;
				CLANG_ENABLE_OBJC_ARC = YES;
				CLANG_ENABLE_OBJC_WEAK = YES;
				CLANG_WARN_BLOCK_CAPTURE_AUTORELEASING = YES;
				CLANG_WARN_BOOL_CONVERSION = YES;
				CLANG_WARN_COMMA = YES;
				CLANG_WARN_CONSTANT_CONVERSION = YES;
				CLANG_WARN_DEPRECATED_OBJC_IMPLEMENTATIONS = YES;
				CLANG_WARN_DIRECT_OBJC_ISA_USAGE = YES_ERROR;
				CLANG_WARN_DOCUMENTATION_COMMENTS = YES;
				CLANG_WARN_EMPTY_BODY = YES;
				CLANG_WARN_ENUM_CONVERSION = YES;
				CLANG_WARN_INFINITE_RECURSION = YES;
				CLANG_WARN_INT_CONVERSION = YES;
				CLANG_WARN_NON_LITERAL_NULL_CONVERSION = YES;
				CLANG_WARN_OBJC_IMPLICIT_RETAIN_SELF = YES;
				CLANG_WARN_OBJC_LITERAL_CONVERSION = YES;
				CLANG_WARN_OBJC_ROOT_CLASS = YES_ERROR;
				CLANG_WARN_QUOTED_INCLUDE_IN_FRAMEWORK_HEADER = YES;
				CLANG_WARN_RANGE_LOOP_ANALYSIS = YES;
				CLANG_WARN_STRICT_PROTOTYPES = YES;
				CLANG_WARN_SUSPICIOUS_MOVE = YES;
				CLANG_WARN_UNGUARDED_AVAILABILITY = YES_AGGRESSIVE;
				CLANG_WARN_UNREACHABLE_CODE = YES;
				CLANG_WARN__DUPLICATE_METHOD_MATCH = YES;
				COPY_PHASE_STRIP = NO;
				DEBUG_INFORMATION_FORMAT = dwarf;
				ENABLE_STRICT_OBJC_MSGSEND = YES;
				ENABLE_TESTABILITY = YES;
				GCC_C_LANGUAGE_STANDARD = gnu11;
				GCC_DYNAMIC_NO_PIC = NO;
				GCC_NO_COMMON_BLOCKS = YES;
				GCC_OPTIMIZATION_LEVEL = 0;
				GCC_PREPROCESSOR_DEFINITIONS = (
					"DEBUG=1",
					"$(inherited)",
				);
				GCC_WARN_64_TO_32_BIT_CONVERSION = YES;
				GCC_WARN_ABOUT_RETURN_TYPE = YES_ERROR;
				GCC_WARN_UNDECLARED_SELECTOR = YES;
				GCC_WARN_UNINITIALIZED_AUTOS = YES_AGGRESSIVE;
				GCC_WARN_UNUSED_FUNCTION = YES;
				GCC_WARN_UNUSED_VARIABLE = YES;
				IPHONEOS_DEPLOYMENT_TARGET = 14.0;
				MTL_ENABLE_DEBUG_INFO = INCLUDE_SOURCE;
				MTL_FAST_MATH = YES;
				ONLY_ACTIVE_ARCH = YES;
				SDKROOT = iphoneos;
				SWIFT_ACTIVE_COMPILATION_CONDITIONS = DEBUG;
				SWIFT_OPTIMIZATION_LEVEL = "-Onone";
			};
			name = Debug;
		};
		4D5645972534233F005EAB63 /* Release */ = {
			isa = XCBuildConfiguration;
			buildSettings = {
				ALWAYS_SEARCH_USER_PATHS = NO;
				CLANG_ANALYZER_NONNULL = YES;
				CLANG_ANALYZER_NUMBER_OBJECT_CONVERSION = YES_AGGRESSIVE;
				CLANG_CXX_LANGUAGE_STANDARD = "gnu++14";
				CLANG_CXX_LIBRARY = "libc++";
				CLANG_ENABLE_MODULES = YES;
				CLANG_ENABLE_OBJC_ARC = YES;
				CLANG_ENABLE_OBJC_WEAK = YES;
				CLANG_WARN_BLOCK_CAPTURE_AUTORELEASING = YES;
				CLANG_WARN_BOOL_CONVERSION = YES;
				CLANG_WARN_COMMA = YES;
				CLANG_WARN_CONSTANT_CONVERSION = YES;
				CLANG_WARN_DEPRECATED_OBJC_IMPLEMENTATIONS = YES;
				CLANG_WARN_DIRECT_OBJC_ISA_USAGE = YES_ERROR;
				CLANG_WARN_DOCUMENTATION_COMMENTS = YES;
				CLANG_WARN_EMPTY_BODY = YES;
				CLANG_WARN_ENUM_CONVERSION = YES;
				CLANG_WARN_INFINITE_RECURSION = YES;
				CLANG_WARN_INT_CONVERSION = YES;
				CLANG_WARN_NON_LITERAL_NULL_CONVERSION = YES;
				CLANG_WARN_OBJC_IMPLICIT_RETAIN_SELF = YES;
				CLANG_WARN_OBJC_LITERAL_CONVERSION = YES;
				CLANG_WARN_OBJC_ROOT_CLASS = YES_ERROR;
				CLANG_WARN_QUOTED_INCLUDE_IN_FRAMEWORK_HEADER = YES;
				CLANG_WARN_RANGE_LOOP_ANALYSIS = YES;
				CLANG_WARN_STRICT_PROTOTYPES = YES;
				CLANG_WARN_SUSPICIOUS_MOVE = YES;
				CLANG_WARN_UNGUARDED_AVAILABILITY = YES_AGGRESSIVE;
				CLANG_WARN_UNREACHABLE_CODE = YES;
				CLANG_WARN__DUPLICATE_METHOD_MATCH = YES;
				COPY_PHASE_STRIP = NO;
				DEBUG_INFORMATION_FORMAT = "dwarf-with-dsym";
				ENABLE_NS_ASSERTIONS = NO;
				ENABLE_STRICT_OBJC_MSGSEND = YES;
				GCC_C_LANGUAGE_STANDARD = gnu11;
				GCC_NO_COMMON_BLOCKS = YES;
				GCC_WARN_64_TO_32_BIT_CONVERSION = YES;
				GCC_WARN_ABOUT_RETURN_TYPE = YES_ERROR;
				GCC_WARN_UNDECLARED_SELECTOR = YES;
				GCC_WARN_UNINITIALIZED_AUTOS = YES_AGGRESSIVE;
				GCC_WARN_UNUSED_FUNCTION = YES;
				GCC_WARN_UNUSED_VARIABLE = YES;
				IPHONEOS_DEPLOYMENT_TARGET = 14.0;
				MTL_ENABLE_DEBUG_INFO = NO;
				MTL_FAST_MATH = YES;
				SDKROOT = iphoneos;
				SWIFT_COMPILATION_MODE = wholemodule;
				SWIFT_OPTIMIZATION_LEVEL = "-O";
				VALIDATE_PRODUCT = YES;
			};
			name = Release;
		};
		4D5645992534233F005EAB63 /* Debug */ = {
			isa = XCBuildConfiguration;
			buildSettings = {
				ASSETCATALOG_COMPILER_APPICON_NAME = AppIcon;
				ASSETCATALOG_COMPILER_GLOBAL_ACCENT_COLOR_NAME = AccentColor;
				CODE_SIGN_STYLE = Automatic;
				DEVELOPMENT_TEAM = DFU5BM2782;
				INFOPLIST_FILE = CodingAuth/Info.plist;
				LD_RUNPATH_SEARCH_PATHS = (
					"$(inherited)",
					"@executable_path/Frameworks",
				);
				PRODUCT_BUNDLE_IDENTIFIER = com.seongae.kakaobank.work.CodingAuth;
				PRODUCT_NAME = "$(TARGET_NAME)";
				SWIFT_VERSION = 5.0;
				TARGETED_DEVICE_FAMILY = "1,2";
			};
			name = Debug;
		};
		4D56459A2534233F005EAB63 /* Release */ = {
			isa = XCBuildConfiguration;
			buildSettings = {
				ASSETCATALOG_COMPILER_APPICON_NAME = AppIcon;
				ASSETCATALOG_COMPILER_GLOBAL_ACCENT_COLOR_NAME = AccentColor;
				CODE_SIGN_STYLE = Automatic;
				DEVELOPMENT_TEAM = DFU5BM2782;
				INFOPLIST_FILE = CodingAuth/Info.plist;
				LD_RUNPATH_SEARCH_PATHS = (
					"$(inherited)",
					"@executable_path/Frameworks",
				);
				PRODUCT_BUNDLE_IDENTIFIER = com.seongae.kakaobank.work.CodingAuth;
				PRODUCT_NAME = "$(TARGET_NAME)";
				SWIFT_VERSION = 5.0;
				TARGETED_DEVICE_FAMILY = "1,2";
			};
			name = Release;
		};
		4D56459C2534233F005EAB63 /* Debug */ = {
			isa = XCBuildConfiguration;
			buildSettings = {
				ALWAYS_EMBED_SWIFT_STANDARD_LIBRARIES = YES;
				BUNDLE_LOADER = "$(TEST_HOST)";
				CODE_SIGN_STYLE = Automatic;
				DEVELOPMENT_TEAM = DFU5BM2782;
				INFOPLIST_FILE = CodingAuthTests/Info.plist;
				IPHONEOS_DEPLOYMENT_TARGET = 14.0;
				LD_RUNPATH_SEARCH_PATHS = (
					"$(inherited)",
					"@executable_path/Frameworks",
					"@loader_path/Frameworks",
				);
				PRODUCT_BUNDLE_IDENTIFIER = com.seongae.kakaobank.work.CodingAuthTests;
				PRODUCT_NAME = "$(TARGET_NAME)";
				SWIFT_VERSION = 5.0;
				TARGETED_DEVICE_FAMILY = "1,2";
				TEST_HOST = "$(BUILT_PRODUCTS_DIR)/CodingAuth.app/CodingAuth";
			};
			name = Debug;
		};
		4D56459D2534233F005EAB63 /* Release */ = {
			isa = XCBuildConfiguration;
			buildSettings = {
				ALWAYS_EMBED_SWIFT_STANDARD_LIBRARIES = YES;
				BUNDLE_LOADER = "$(TEST_HOST)";
				CODE_SIGN_STYLE = Automatic;
				DEVELOPMENT_TEAM = DFU5BM2782;
				INFOPLIST_FILE = CodingAuthTests/Info.plist;
				IPHONEOS_DEPLOYMENT_TARGET = 14.0;
				LD_RUNPATH_SEARCH_PATHS = (
					"$(inherited)",
					"@executable_path/Frameworks",
					"@loader_path/Frameworks",
				);
				PRODUCT_BUNDLE_IDENTIFIER = com.seongae.kakaobank.work.CodingAuthTests;
				PRODUCT_NAME = "$(TARGET_NAME)";
				SWIFT_VERSION = 5.0;
				TARGETED_DEVICE_FAMILY = "1,2";
				TEST_HOST = "$(BUILT_PRODUCTS_DIR)/CodingAuth.app/CodingAuth";
			};
			name = Release;
		};
		4D56459F2534233F005EAB63 /* Debug */ = {
			isa = XCBuildConfiguration;
			buildSettings = {
				ALWAYS_EMBED_SWIFT_STANDARD_LIBRARIES = YES;
				CODE_SIGN_STYLE = Automatic;
				DEVELOPMENT_TEAM = DFU5BM2782;
				INFOPLIST_FILE = CodingAuthUITests/Info.plist;
				LD_RUNPATH_SEARCH_PATHS = (
					"$(inherited)",
					"@executable_path/Frameworks",
					"@loader_path/Frameworks",
				);
				PRODUCT_BUNDLE_IDENTIFIER = com.seongae.kakaobank.work.CodingAuthUITests;
				PRODUCT_NAME = "$(TARGET_NAME)";
				SWIFT_VERSION = 5.0;
				TARGETED_DEVICE_FAMILY = "1,2";
				TEST_TARGET_NAME = CodingAuth;
			};
			name = Debug;
		};
		4D5645A02534233F005EAB63 /* Release */ = {
			isa = XCBuildConfiguration;
			buildSettings = {
				ALWAYS_EMBED_SWIFT_STANDARD_LIBRARIES = YES;
				CODE_SIGN_STYLE = Automatic;
				DEVELOPMENT_TEAM = DFU5BM2782;
				INFOPLIST_FILE = CodingAuthUITests/Info.plist;
				LD_RUNPATH_SEARCH_PATHS = (
					"$(inherited)",
					"@executable_path/Frameworks",
					"@loader_path/Frameworks",
				);
				PRODUCT_BUNDLE_IDENTIFIER = com.seongae.kakaobank.work.CodingAuthUITests;
				PRODUCT_NAME = "$(TARGET_NAME)";
				SWIFT_VERSION = 5.0;
				TARGETED_DEVICE_FAMILY = "1,2";
				TEST_TARGET_NAME = CodingAuth;
			};
			name = Release;
		};
/* End XCBuildConfiguration section */

/* Begin XCConfigurationList section */
		4D5645692534233E005EAB63 /* Build configuration list for PBXProject "CodingAuth" */ = {
			isa = XCConfigurationList;
			buildConfigurations = (
				4D5645962534233F005EAB63 /* Debug */,
				4D5645972534233F005EAB63 /* Release */,
			);
			defaultConfigurationIsVisible = 0;
			defaultConfigurationName = Release;
		};
		4D5645982534233F005EAB63 /* Build configuration list for PBXNativeTarget "CodingAuth" */ = {
			isa = XCConfigurationList;
			buildConfigurations = (
				4D5645992534233F005EAB63 /* Debug */,
				4D56459A2534233F005EAB63 /* Release */,
			);
			defaultConfigurationIsVisible = 0;
			defaultConfigurationName = Release;
		};
		4D56459B2534233F005EAB63 /* Build configuration list for PBXNativeTarget "CodingAuthTests" */ = {
			isa = XCConfigurationList;
			buildConfigurations = (
				4D56459C2534233F005EAB63 /* Debug */,
				4D56459D2534233F005EAB63 /* Release */,
			);
			defaultConfigurationIsVisible = 0;
			defaultConfigurationName = Release;
		};
		4D56459E2534233F005EAB63 /* Build configuration list for PBXNativeTarget "CodingAuthUITests" */ = {
			isa = XCConfigurationList;
			buildConfigurations = (
				4D56459F2534233F005EAB63 /* Debug */,
				4D5645A02534233F005EAB63 /* Release */,
			);
			defaultConfigurationIsVisible = 0;
			defaultConfigurationName = Release;
		};
/* End XCConfigurationList section */
	};
	rootObject = 4D5645662534233E005EAB63 /* Project object */;
}
